<?xml version="1.0" encoding="utf-8"?>
<Project ToolsVersion="4.0" xmlns="http://schemas.microsoft.com/developer/msbuild/2003">
  <ItemGroup>
    <Filter Include="Source Files">
      <UniqueIdentifier>{4FC737F1-C7A5-4376-A066-2A32D752A2FF}</UniqueIdentifier>
      <Extensions>cpp;c;cc;cxx;c++;cppm;ixx;def;odl;idl;hpj;bat;asm;asmx</Extensions>
    </Filter>
    <Filter Include="Header Files">
      <UniqueIdentifier>{93995380-89BD-4b04-88EB-625FBE52EBFB}</UniqueIdentifier>
      <Extensions>h;hh;hpp;hxx;h++;hm;inl;inc;ipp;xsd</Extensions>
    </Filter>
    <Filter Include="Resource Files">
      <UniqueIdentifier>{67DA6AB6-F800-4c08-8B7A-83BB121AAD01}</UniqueIdentifier>
      <Extensions>rc;ico;cur;bmp;dlg;rc2;rct;bin;rgs;gif;jpg;jpeg;jpe;resx;tiff;tif;png;wav;mfcribbon-ms</Extensions>
    </Filter>
  </ItemGroup>
  <ItemGroup>
    <ClCompile Include="ThuVien\include\dependencies\imgui\imgui.cpp">
      <Filter>Source Files</Filter>
    </ClCompile>
    <ClCompile Include="ThuVien\include\dependencies\imgui\imgui_demo.cpp">
      <Filter>Source Files</Filter>
    </ClCompile>
    <ClCompile Include="ThuVien\include\dependencies\imgui\imgui_draw.cpp">
      <Filter>Source Files</Filter>
    </ClCompile>
    <ClCompile Include="ThuVien\include\dependencies\imgui\imgui_impl_glfw.cpp">
      <Filter>Source Files</Filter>
    </ClCompile>
    <ClCompile Include="ThuVien\include\dependencies\imgui\imgui_impl_opengl2.cpp">
      <Filter>Source Files</Filter>
    </ClCompile>
    <ClCompile Include="ThuVien\include\dependencies\imgui\imgui_impl_opengl3.cpp">
      <Filter>Source Files</Filter>
    </ClCompile>
    <ClCompile Include="ThuVien\include\dependencies\imgui\imgui_tables.cpp">
      <Filter>Source Files</Filter>
    </ClCompile>
    <ClCompile Include="ThuVien\include\dependencies\imgui\imgui_widgets.cpp">
      <Filter>Source Files</Filter>
    </ClCompile>
    <ClCompile Include="ThuVien\glad.c">
      <Filter>Source Files</Filter>
    </ClCompile>
    <ClCompile Include="src\cbs\components\Camera.cpp">
      <Filter>Source Files</Filter>
    </ClCompile>
    <ClCompile Include="src\cbs\components\Component.cpp">
      <Filter>Source Files</Filter>
    </ClCompile>
    <ClCompile Include="src\cbs\components\Cube.cpp">
      <Filter>Source Files</Filter>
    </ClCompile>
    <ClCompile Include="src\cbs\components\DirectionalLight.cpp">
      <Filter>Source Files</Filter>
    </ClCompile>
    <ClCompile Include="src\cbs\components\FirstPersonController.cpp">
      <Filter>Source Files</Filter>
    </ClCompile>
    <ClCompile Include="src\cbs\components\MeshRenderer.cpp">
      <Filter>Source Files</Filter>
    </ClCompile>
    <ClCompile Include="src\cbs\components\PointLight.cpp">
      <Filter>Source Files</Filter>
    </ClCompile>
    <ClCompile Include="src\cbs\components\TextRenderer.cpp">
      <Filter>Source Files</Filter>
    </ClCompile>
    <ClCompile Include="src\cbs\components\ThirdPersonController.cpp">
      <Filter>Source Files</Filter>
    </ClCompile>
    <ClCompile Include="src\cbs\components\Transform.cpp">
      <Filter>Source Files</Filter>
    </ClCompile>
    <ClCompile Include="src\cbs\connections\ConnectionsManager.cpp">
      <Filter>Source Files</Filter>
    </ClCompile>
    <ClCompile Include="src\cbs\Object.cpp">
      <Filter>Source Files</Filter>
    </ClCompile>
    <ClCompile Include="src\cbs\ObjectManager.cpp">
      <Filter>Source Files</Filter>
    </ClCompile>
    <ClCompile Include="src\rendering\Model\Mesh.cpp">
      <Filter>Source Files</Filter>
    </ClCompile>
    <ClCompile Include="src\rendering\Model\Model.cpp">
      <Filter>Source Files</Filter>
    </ClCompile>
    <ClCompile Include="src\rendering\primitives\Cubemap.cpp">
      <Filter>Source Files</Filter>
    </ClCompile>
    <ClCompile Include="src\rendering\primitives\Line.cpp">
      <Filter>Source Files</Filter>
    </ClCompile>
    <ClCompile Include="src\rendering\primitives\Plane.cpp">
      <Filter>Source Files</Filter>
    </ClCompile>
    <ClCompile Include="src\rendering\primitives\Sphere.cpp">
      <Filter>Source Files</Filter>
    </ClCompile>
    <ClCompile Include="src\rendering\DrawManager.cpp">
      <Filter>Source Files</Filter>
    </ClCompile>
    <ClCompile Include="src\rendering\ShaderProgram.cpp">
      <Filter>Source Files</Filter>
    </ClCompile>
    <ClCompile Include="src\rendering\Texture.cpp">
      <Filter>Source Files</Filter>
    </ClCompile>
    <ClCompile Include="src\resources\RawModel\RawMesh.cpp">
      <Filter>Source Files</Filter>
    </ClCompile>
    <ClCompile Include="src\resources\RawModel\RawModel.cpp">
      <Filter>Source Files</Filter>
    </ClCompile>
    <ClCompile Include="src\resources\RawTexture.cpp">
      <Filter>Source Files</Filter>
    </ClCompile>
    <ClCompile Include="src\resources\ResourcesManager.cpp">
      <Filter>Source Files</Filter>
    </ClCompile>
    <ClCompile Include="src\scenes\Scene.cpp">
      <Filter>Source Files</Filter>
    </ClCompile>
    <ClCompile Include="src\utilities\Input.cpp">
      <Filter>Source Files</Filter>
    </ClCompile>
    <ClCompile Include="src\utilities\Time.cpp">
      <Filter>Source Files</Filter>
    </ClCompile>
    <ClCompile Include="src\utilities\Window.cpp">
      <Filter>Source Files</Filter>
    </ClCompile>
    <ClCompile Include="src\Source.cpp">
      <Filter>Source Files</Filter>
    </ClCompile>
    <ClCompile Include="src\rendering\primitives\Cuboid.cpp">
      <Filter>Source Files</Filter>
    </ClCompile>
    <ClCompile Include="src\debuging\platform\win32\Win32Logger.cpp">
      <Filter>Source Files</Filter>
    </ClCompile>
  </ItemGroup>
  <ItemGroup>
    <ClInclude Include="ThuVien\include\AL\alut.h">
      <Filter>Header Files</Filter>
    </ClInclude>
    <ClInclude Include="ThuVien\include\dependencies\imgui\imconfig.h">
      <Filter>Header Files</Filter>
    </ClInclude>
    <ClInclude Include="ThuVien\include\dependencies\imgui\imgui.h">
      <Filter>Header Files</Filter>
    </ClInclude>
    <ClInclude Include="ThuVien\include\dependencies\imgui\imgui_impl_glfw.h">
      <Filter>Header Files</Filter>
    </ClInclude>
    <ClInclude Include="ThuVien\include\dependencies\imgui\imgui_impl_opengl2.h">
      <Filter>Header Files</Filter>
    </ClInclude>
    <ClInclude Include="ThuVien\include\dependencies\imgui\imgui_impl_opengl3.h">
      <Filter>Header Files</Filter>
    </ClInclude>
    <ClInclude Include="ThuVien\include\dependencies\imgui\imgui_impl_opengl3_loader.h">
      <Filter>Header Files</Filter>
    </ClInclude>
    <ClInclude Include="ThuVien\include\dependencies\imgui\imgui_internal.h">
      <Filter>Header Files</Filter>
    </ClInclude>
    <ClInclude Include="ThuVien\include\dependencies\imgui\imstb_rectpack.h">
      <Filter>Header Files</Filter>
    </ClInclude>
    <ClInclude Include="ThuVien\include\dependencies\imgui\imstb_textedit.h">
      <Filter>Header Files</Filter>
    </ClInclude>
    <ClInclude Include="ThuVien\include\dependencies\imgui\imstb_truetype.h">
      <Filter>Header Files</Filter>
    </ClInclude>
    <ClInclude Include="src\cbs\components\Camera.h">
      <Filter>Header Files</Filter>
    </ClInclude>
    <ClInclude Include="src\cbs\components\Component.h">
      <Filter>Header Files</Filter>
    </ClInclude>
    <ClInclude Include="src\cbs\components\Cube.h">
      <Filter>Header Files</Filter>
    </ClInclude>
    <ClInclude Include="src\cbs\components\DirectionalLight.h">
      <Filter>Header Files</Filter>
    </ClInclude>
    <ClInclude Include="src\cbs\components\FirstPersonController.h">
      <Filter>Header Files</Filter>
    </ClInclude>
    <ClInclude Include="src\cbs\components\MeshRenderer.h">
      <Filter>Header Files</Filter>
    </ClInclude>
    <ClInclude Include="src\cbs\components\PointLight.h">
      <Filter>Header Files</Filter>
    </ClInclude>
    <ClInclude Include="src\cbs\components\TextRenderer.h">
      <Filter>Header Files</Filter>
    </ClInclude>
    <ClInclude Include="src\cbs\components\ThirdPersonController.h">
      <Filter>Header Files</Filter>
    </ClInclude>
    <ClInclude Include="src\cbs\components\Transform.h">
      <Filter>Header Files</Filter>
    </ClInclude>
    <ClInclude Include="src\cbs\connections\ConnectionInterfaces.h">
      <Filter>Header Files</Filter>
    </ClInclude>
    <ClInclude Include="src\cbs\connections\ConnectionsManager.h">
      <Filter>Header Files</Filter>
    </ClInclude>
    <ClInclude Include="src\cbs\connections\MessageIn.h">
      <Filter>Header Files</Filter>
    </ClInclude>
    <ClInclude Include="src\cbs\connections\MessageOut.h">
      <Filter>Header Files</Filter>
    </ClInclude>
    <ClInclude Include="src\cbs\connections\PropertyIn.h">
      <Filter>Header Files</Filter>
    </ClInclude>
    <ClInclude Include="src\cbs\connections\PropertyOut.h">
      <Filter>Header Files</Filter>
    </ClInclude>
    <ClInclude Include="src\cbs\connections\TriggerIn.h">
      <Filter>Header Files</Filter>
    </ClInclude>
    <ClInclude Include="src\cbs\connections\TriggerOut.h">
      <Filter>Header Files</Filter>
    </ClInclude>
    <ClInclude Include="src\cbs\Object.h">
      <Filter>Header Files</Filter>
    </ClInclude>
    <ClInclude Include="src\cbs\ObjectManager.h">
      <Filter>Header Files</Filter>
    </ClInclude>
    <ClInclude Include="src\core\Enum.h">
      <Filter>Header Files</Filter>
    </ClInclude>
    <ClInclude Include="src\rendering\Model\Mesh.h">
      <Filter>Header Files</Filter>
    </ClInclude>
    <ClInclude Include="src\rendering\Model\Model.h">
      <Filter>Header Files</Filter>
    </ClInclude>
    <ClInclude Include="src\rendering\primitives\Cubemap.h">
      <Filter>Header Files</Filter>
    </ClInclude>
    <ClInclude Include="src\rendering\primitives\Line.h">
      <Filter>Header Files</Filter>
    </ClInclude>
    <ClInclude Include="src\rendering\primitives\Plane.h">
      <Filter>Header Files</Filter>
    </ClInclude>
    <ClInclude Include="src\rendering\primitives\Sphere.h">
      <Filter>Header Files</Filter>
    </ClInclude>
    <ClInclude Include="src\rendering\primitives\SphereData.h">
      <Filter>Header Files</Filter>
    </ClInclude>
    <ClInclude Include="src\rendering\DrawManager.h">
      <Filter>Header Files</Filter>
    </ClInclude>
    <ClInclude Include="src\rendering\IDrawable.h">
      <Filter>Header Files</Filter>
    </ClInclude>
    <ClInclude Include="src\rendering\IGUIWidget.h">
      <Filter>Header Files</Filter>
    </ClInclude>
    <ClInclude Include="src\rendering\IShaderProperty.h">
      <Filter>Header Files</Filter>
    </ClInclude>
    <ClInclude Include="src\rendering\ShaderProgram.h">
      <Filter>Header Files</Filter>
    </ClInclude>
    <ClInclude Include="src\rendering\Texture.h">
      <Filter>Header Files</Filter>
    </ClInclude>
    <ClInclude Include="src\resources\RawModel\RawMesh.h">
      <Filter>Header Files</Filter>
    </ClInclude>
    <ClInclude Include="src\resources\RawModel\RawModel.h">
      <Filter>Header Files</Filter>
    </ClInclude>
    <ClInclude Include="src\resources\RawTexture.h">
      <Filter>Header Files</Filter>
    </ClInclude>
    <ClInclude Include="src\resources\ResourcesManager.h">
      <Filter>Header Files</Filter>
    </ClInclude>
    <ClInclude Include="src\scenes\MyScene.h">
      <Filter>Header Files</Filter>
    </ClInclude>
    <ClInclude Include="src\scenes\Scene.h">
      <Filter>Header Files</Filter>
    </ClInclude>
    <ClInclude Include="src\utilities\Input.h">
      <Filter>Header Files</Filter>
    </ClInclude>
    <ClInclude Include="src\utilities\Time.h">
      <Filter>Header Files</Filter>
    </ClInclude>
    <ClInclude Include="src\utilities\Window.h">
      <Filter>Header Files</Filter>
    </ClInclude>
    <ClInclude Include="MoveController.h">
      <Filter>Header Files</Filter>
    </ClInclude>
    <ClInclude Include="src\core\debuging\gameobject\Box.h">
      <Filter>Header Files</Filter>
    </ClInclude>
    <ClInclude Include="src\rendering\primitives\Cuboid.h">
      <Filter>Header Files</Filter>
    </ClInclude>
    <ClInclude Include="src\rendering\Material.h">
      <Filter>Header Files</Filter>
    </ClInclude>
    <ClInclude Include="src\rendering\ListMaterial.h">
      <Filter>Header Files</Filter>
    </ClInclude>
    <ClInclude Include="src\core\debuging\gameobject\Bullet.h">
      <Filter>Header Files</Filter>
    </ClInclude>
    <ClInclude Include="src\gameobject\Box.h">
      <Filter>Header Files</Filter>
    </ClInclude>
    <ClInclude Include="src\gameobject\Bullet.h">
      <Filter>Header Files</Filter>
    </ClInclude>
    <ClInclude Include="src\debuging\platform\win32\Win32Logger.h">
      <Filter>Header Files</Filter>
    </ClInclude>
    <ClInclude Include="src\debuging\Logger.h">
      <Filter>Header Files</Filter>
    </ClInclude>
    <ClInclude Include="src\scenes\TestScene.h">
      <Filter>Header Files</Filter>
    </ClInclude>
  </ItemGroup>
  <ItemGroup>
    <None Include="src\shaders\PHONG.frag" />
    <None Include="src\shaders\PHONG.vert" />
    <None Include="src\shaders\PURE_COLOR.frag" />
    <None Include="src\shaders\PURE_COLOR.vert" />
    <None Include="src\shaders\PURE_TEXTURE.frag" />
    <None Include="src\shaders\PURE_TEXTURE.vert" />
    <None Include="src\shaders\SKYBOX.frag" />
    <None Include="src\shaders\SKYBOX.vert" />
    <None Include="glut32.dll" />
    <None Include="assimp-vc142-mtd.dll" />
    <None Include="glew32.dll" />
    <None Include="glfw3.dll" />
    <None Include="resources\texts\boxmap\map_1.map" />
    <None Include="resources\texts\boxmap\map_test.map" />
  </ItemGroup>
  <ItemGroup>
    <Font Include="resources\fonts\times.ttf" />
  </ItemGroup>
  <ItemGroup>
    <Media Include="resources\audio\ambient.wav">
      <Filter>Resource Files</Filter>
    </Media>
  </ItemGroup>
  <ItemGroup>
    <Image Include="resources\skyboxes\mars\back.png">
      <Filter>Resource Files</Filter>
    </Image>
    <Image Include="resources\skyboxes\mars\bottom.png">
      <Filter>Resource Files</Filter>
    </Image>
    <Image Include="resources\skyboxes\mars\front.png">
      <Filter>Resource Files</Filter>
    </Image>
    <Image Include="resources\skyboxes\mars\left.png">
      <Filter>Resource Files</Filter>
    </Image>
    <Image Include="resources\skyboxes\mars\right.png">
      <Filter>Resource Files</Filter>
    </Image>
    <Image Include="resources\skyboxes\mars\top.png">
      <Filter>Resource Files</Filter>
    </Image>
    <Image Include="resources\textures\box0.png">
      <Filter>Resource Files</Filter>
    </Image>
    <Image Include="resources\textures\box1.jfif" />
    <Image Include="resources\textures\box2.jfif" />
    <Image Include="resources\textures\box3.jfif" />
    <Image Include="resources\textures\box4.jfif" />
    <Image Include="resources\textures\box5.jfif" />
    <Image Include="resources\textures\box6.jfif" />
    <Image Include="resources\textures\box7.jfif" />
    <Image Include="resources\textures\box8.jfif" />
    <Image Include="resources\textures\box9.jfif" />
    <Image Include="resources\textures\box10.jfif" />
    <Image Include="resources\textures\box11.png">
      <Filter>Resource Files</Filter>
    </Image>
    <Image Include="resources\textures\box12.jfif" />
    <Image Include="resources\textures\box13.jfif" />
    <Image Include="resources\textures\box14.jfif" />
    <Image Include="resources\textures\box15.jfif" />
    <Image Include="resources\textures\box16.jfif" />
    <Image Include="resources\textures\box17.jfif" />
    <Image Include="resources\textures\box18.jfif" />
    <Image Include="resources\textures\box19.jfif" />
    <Image Include="resources\textures\box20.jfif" />
    <Image Include="resources\textures\box21.jfif" />
    <Image Include="resources\textures\box22.jfif" />
    <Image Include="resources\textures\box23.jfif" />
    <Image Include="resources\textures\box24.jfif" />
    <Image Include="resources\textures\box25.jfif" />
    <Image Include="resources\textures\box26.png">
      <Filter>Resource Files</Filter>
    </Image>
    <Image Include="resources\textures\box27.jfif" />
    <Image Include="resources\textures\box28.jfif" />
    <Image Include="resources\textures\box29.jfif" />
    <Image Include="resources\textures\box30.jfif" />
    <Image Include="resources\textures\box31.png">
      <Filter>Resource Files</Filter>
    </Image>
    <Image Include="resources\textures\box32.jfif" />
    <Image Include="resources\textures\box33.jfif" />
    <Image Include="resources\textures\box34.jfif" />
    <Image Include="resources\textures\box35.jfif" />
    <Image Include="resources\textures\box36.jfif" />
    <Image Include="resources\textures\box37.jfif" />
    <Image Include="resources\textures\box38.jfif" />
    <Image Include="resources\textures\box39.jfif" />
    <Image Include="resources\textures\box40.png">
      <Filter>Resource Files</Filter>
    </Image>
    <Image Include="resources\textures\ErrorTexture.jpg">
      <Filter>Resource Files</Filter>
    </Image>
    <Image Include="resources\textures\ErrorTexture.png">
      <Filter>Resource Files</Filter>
    </Image>
    <Image Include="resources\textures\ErrorTexture1.png">
      <Filter>Resource Files</Filter>
    </Image>
    <Image Include="resources\textures\ground.jpg">
      <Filter>Resource Files</Filter>
    </Image>
    <Image Include="resources\textures\rubik.jpg">
      <Filter>Resource Files</Filter>
    </Image>
  </ItemGroup>
</Project>